
Microsoft Visual Studio Solution File, Format Version 12.00
# Visual Studio 15
Project("{FAE04EC0-301F-11D3-BF4B-00C04F79EFBC}") = "Kaitlyn Boisverts Punch Out", "Kaitlyn Boisverts Punch Out.csproj", "{DF69E5E7-5462-59FE-108F-1A0717774674}"
EndProject
Global
	GlobalSection(SolutionConfigurationPlatforms) = preSolution
		Debug|Any CPU = Debug|Any CPU
		Release|Any CPU = Release|Any CPU
	EndGlobalSection
	GlobalSection(ProjectConfigurationPlatforms) = postSolution
		{DF69E5E7-5462-59FE-108F-1A0717774674}.Debug|Any CPU.ActiveCfg = Debug|Any CPU
		{DF69E5E7-5462-59FE-108F-1A0717774674}.Debug|Any CPU.Build.0 = Debug|Any CPU
		{DF69E5E7-5462-59FE-108F-1A0717774674}.Release|Any CPU.ActiveCfg = Release|Any CPU
		{DF69E5E7-5462-59FE-108F-1A0717774674}.Release|Any CPU.Build.0 = Release|Any CPU
	EndGlobalSection
	GlobalSection(SolutionProperties) = preSolution
		HideSolutionNode = FALSE
	EndGlobalSection
EndGlobal
